{
  "name": "typed-model",
  "version": "1.0.0",
  "lockfileVersion": 3,
  "requires": true,
  "packages": {
    "": {
      "name": "typed-model",
      "version": "1.0.0",
      "license": "MIT",
      "devDependencies": {
        "@openui5/types": "^1.116.0",
        "typescript": "^5.1.6"
      }
    },
    "node_modules/@openui5/types": {
      "version": "1.116.0",
      "resolved": "https://registry.npmjs.org/@openui5/types/-/types-1.116.0.tgz",
      "integrity": "sha512-cxLmX0jvty2iAh6m0laix/Hscvri0IXxZ1OQ8Rsho5GO7ocK0Of128yeZ5AB1y9m/EUXtabCJUbwfxkeHzjlag==",
      "dev": true,
      "dependencies": {
        "@types/jquery": "3.5.13",
        "@types/qunit": "2.5.4"
      }
    },
    "node_modules/@types/jquery": {
      "version": "3.5.13",
      "resolved": "https://registry.npmjs.org/@types/jquery/-/jquery-3.5.13.tgz",
      "integrity": "sha512-ZxJrup8nz/ZxcU0vantG+TPdboMhB24jad2uSap50zE7Q9rUeYlCF25kFMSmHR33qoeOgqcdHEp3roaookC0Sg==",
      "dev": true,
      "dependencies": {
        "@types/sizzle": "*"
      }
    },
    "node_modules/@types/qunit": {
      "version": "2.5.4",
      "resolved": "https://registry.npmjs.org/@types/qunit/-/qunit-2.5.4.tgz",
      "integrity": "sha512-VHi2lEd4/zp8OOouf43JXGJJ5ZxHvdLL1dU0Yakp6Iy73SjpuXl7yjwAwmh1qhTv8krDgHteSwaySr++uXX9YQ==",
      "dev": true
    },
    "node_modules/@types/sizzle": {
      "version": "2.3.3",
      "resolved": "https://registry.npmjs.org/@types/sizzle/-/sizzle-2.3.3.tgz",
      "integrity": "sha512-JYM8x9EGF163bEyhdJBpR2QX1R5naCJHC8ucJylJ3w9/CVBaskdQ8WqBf8MmQrd1kRvp/a4TS8HJ+bxzR7ZJYQ==",
      "dev": true
    },
    "node_modules/typescript": {
      "version": "5.1.6",
      "resolved": "https://registry.npmjs.org/typescript/-/typescript-5.1.6.tgz",
      "integrity": "sha512-zaWCozRZ6DLEWAWFrVDz1H6FVXzUSfTy5FUMWsQlU8Ym5JP9eO4xkTIROFCQvhQf61z6O/G6ugw3SgAnvvm+HA==",
      "dev": true,
      "bin": {
        "tsc": "bin/tsc",
        "tsserver": "bin/tsserver"
      },
      "engines": {
        "node": ">=14.17"
      }
    }
  }
}
